
Microsoft Visual Studio Solution File, Format Version 12.00
# Visual Studio Version 16
VisualStudioVersion = 16.0.31105.61
MinimumVisualStudioVersion = 10.0.40219.1
Project("{888888A0-9F3D-457C-B088-3A5042F75D52}") = "NewsGeneration", "NewsGeneration\NewsGeneration.pyproj", "{E843D61C-B464-4A89-84AB-E409EB1FA1BA}"
EndProject
Global
	GlobalSection(SolutionConfigurationPlatforms) = preSolution
		Debug|Any CPU = Debug|Any CPU
		Release|Any CPU = Release|Any CPU
	EndGlobalSection
	GlobalSection(ProjectConfigurationPlatforms) = postSolution
		{E843D61C-B464-4A89-84AB-E409EB1FA1BA}.Debug|Any CPU.ActiveCfg = Debug|Any CPU
		{E843D61C-B464-4A89-84AB-E409EB1FA1BA}.Release|Any CPU.ActiveCfg = Release|Any CPU
	EndGlobalSection
	GlobalSection(SolutionProperties) = preSolution
		HideSolutionNode = FALSE
	EndGlobalSection
	GlobalSection(ExtensibilityGlobals) = postSolution
		SolutionGuid = {1BFDC118-5647-4594-AF02-527DB6522669}
	EndGlobalSection
EndGlobal
